
Microsoft Visual Studio Solution File, Format Version 12.00
# Visual Studio Version 17
VisualStudioVersion = 17.1.32319.34
MinimumVisualStudioVersion = 10.0.40219.1
Project("{FAE04EC0-301F-11D3-BF4B-00C04F79EFBC}") = "NeominalRabbitMq.Publisher", "NeominalRabbitMq.Publisher\NeominalRabbitMq.Publisher.csproj", "{2C8BE0AB-915D-4F3E-9EC5-F51F1A4D1011}"
EndProject
Project("{FAE04EC0-301F-11D3-BF4B-00C04F79EFBC}") = "NeominalRabbitMq.Subscriber", "NeominalRabbitMq.Subscriber\NeominalRabbitMq.Subscriber.csproj", "{13A3A5AE-7EC3-45BF-868E-C13B17ECF6D6}"
EndProject
Project("{FAE04EC0-301F-11D3-BF4B-00C04F79EFBC}") = "MessageBus", "MessageBus\MessageBus.csproj", "{D752BDB9-FD24-46F0-B693-3D3A049B7346}"
EndProject
Global
	GlobalSection(SolutionConfigurationPlatforms) = preSolution
		Debug|Any CPU = Debug|Any CPU
		Release|Any CPU = Release|Any CPU
	EndGlobalSection
	GlobalSection(ProjectConfigurationPlatforms) = postSolution
		{2C8BE0AB-915D-4F3E-9EC5-F51F1A4D1011}.Debug|Any CPU.ActiveCfg = Debug|Any CPU
		{2C8BE0AB-915D-4F3E-9EC5-F51F1A4D1011}.Debug|Any CPU.Build.0 = Debug|Any CPU
		{2C8BE0AB-915D-4F3E-9EC5-F51F1A4D1011}.Release|Any CPU.ActiveCfg = Release|Any CPU
		{2C8BE0AB-915D-4F3E-9EC5-F51F1A4D1011}.Release|Any CPU.Build.0 = Release|Any CPU
		{13A3A5AE-7EC3-45BF-868E-C13B17ECF6D6}.Debug|Any CPU.ActiveCfg = Debug|Any CPU
		{13A3A5AE-7EC3-45BF-868E-C13B17ECF6D6}.Debug|Any CPU.Build.0 = Debug|Any CPU
		{13A3A5AE-7EC3-45BF-868E-C13B17ECF6D6}.Release|Any CPU.ActiveCfg = Release|Any CPU
		{13A3A5AE-7EC3-45BF-868E-C13B17ECF6D6}.Release|Any CPU.Build.0 = Release|Any CPU
		{D752BDB9-FD24-46F0-B693-3D3A049B7346}.Debug|Any CPU.ActiveCfg = Debug|Any CPU
		{D752BDB9-FD24-46F0-B693-3D3A049B7346}.Debug|Any CPU.Build.0 = Debug|Any CPU
		{D752BDB9-FD24-46F0-B693-3D3A049B7346}.Release|Any CPU.ActiveCfg = Release|Any CPU
		{D752BDB9-FD24-46F0-B693-3D3A049B7346}.Release|Any CPU.Build.0 = Release|Any CPU
	EndGlobalSection
	GlobalSection(SolutionProperties) = preSolution
		HideSolutionNode = FALSE
	EndGlobalSection
	GlobalSection(ExtensibilityGlobals) = postSolution
		SolutionGuid = {4B8A7C42-70C4-4F07-8495-73AF8CD35E82}
	EndGlobalSection
EndGlobal
